
Microsoft Visual Studio Solution File, Format Version 12.00
# Visual Studio Version 16
VisualStudioVersion = 16.0.34114.132
MinimumVisualStudioVersion = 10.0.40219.1
Project("{FAE04EC0-301F-11D3-BF4B-00C04F79EFBC}") = "421_Aparxof_Aksenova", "421_Aparxof_Aksenova\421_Aparxof_Aksenova.csproj", "{DD98D915-DBCC-4C45-AF07-EDFE225036A4}"
EndProject
Global
	GlobalSection(SolutionConfigurationPlatforms) = preSolution
		Debug|Any CPU = Debug|Any CPU
		Release|Any CPU = Release|Any CPU
	EndGlobalSection
	GlobalSection(ProjectConfigurationPlatforms) = postSolution
		{DD98D915-DBCC-4C45-AF07-EDFE225036A4}.Debug|Any CPU.ActiveCfg = Debug|Any CPU
		{DD98D915-DBCC-4C45-AF07-EDFE225036A4}.Debug|Any CPU.Build.0 = Debug|Any CPU
		{DD98D915-DBCC-4C45-AF07-EDFE225036A4}.Release|Any CPU.ActiveCfg = Release|Any CPU
		{DD98D915-DBCC-4C45-AF07-EDFE225036A4}.Release|Any CPU.Build.0 = Release|Any CPU
	EndGlobalSection
	GlobalSection(SolutionProperties) = preSolution
		HideSolutionNode = FALSE
	EndGlobalSection
	GlobalSection(ExtensibilityGlobals) = postSolution
		SolutionGuid = {D67A7748-5761-4AC8-9B3F-658DC9AAD8F9}
	EndGlobalSection
EndGlobal
